// !$*UTF8*$!
{
	archiveVersion = 1;
	classes = {
	};
	objectVersion = 46;
	objects = {

/* Begin PBXBuildFile section */
		276863581EA6635900119AC1 /* AppDelegate.swift in Sources */ = {isa = PBXBuildFile; fileRef = 276863571EA6635900119AC1 /* AppDelegate.swift */; };
		2768635A1EA6635900119AC1 /* ViewController.swift in Sources */ = {isa = PBXBuildFile; fileRef = 276863591EA6635900119AC1 /* ViewController.swift */; };
		2768635D1EA6635900119AC1 /* Main.storyboard in Resources */ = {isa = PBXBuildFile; fileRef = 2768635B1EA6635900119AC1 /* Main.storyboard */; };
		2768635F1EA6635900119AC1 /* Assets.xcassets in Resources */ = {isa = PBXBuildFile; fileRef = 2768635E1EA6635900119AC1 /* Assets.xcassets */; };
		276863621EA6635900119AC1 /* LaunchScreen.storyboard in Resources */ = {isa = PBXBuildFile; fileRef = 276863601EA6635900119AC1 /* LaunchScreen.storyboard */; };
		2768636D1EA6635900119AC1 /* dailyTests.swift in Sources */ = {isa = PBXBuildFile; fileRef = 2768636C1EA6635900119AC1 /* dailyTests.swift */; };
		276863781EA6635900119AC1 /* dailyUITests.swift in Sources */ = {isa = PBXBuildFile; fileRef = 276863771EA6635900119AC1 /* dailyUITests.swift */; };
/* End PBXBuildFile section */

/* Begin PBXContainerItemProxy section */
		276863691EA6635900119AC1 /* PBXContainerItemProxy */ = {
			isa = PBXContainerItemProxy;
			containerPortal = 2768634C1EA6635900119AC1 /* Project object */;
			proxyType = 1;
			remoteGlobalIDString = 276863531EA6635900119AC1;
			remoteInfo = daily;
		};
		276863741EA6635900119AC1 /* PBXContainerItemProxy */ = {
			isa = PBXContainerItemProxy;
			containerPortal = 2768634C1EA6635900119AC1 /* Project object */;
			proxyType = 1;
			remoteGlobalIDString = 276863531EA6635900119AC1;
			remoteInfo = daily;
		};
/* End PBXContainerItemProxy section */

/* Begin PBXFileReference section */
		276863541EA6635900119AC1 /* daily.app */ = {isa = PBXFileReference; explicitFileType = wrapper.application; includeInIndex = 0; path = daily.app; sourceTree = BUILT_PRODUCTS_DIR; };
		276863571EA6635900119AC1 /* AppDelegate.swift */ = {isa = PBXFileReference; lastKnownFileType = sourcecode.swift; path = AppDelegate.swift; sourceTree = "<group>"; };
		276863591EA6635900119AC1 /* ViewController.swift */ = {isa = PBXFileReference; lastKnownFileType = sourcecode.swift; path = ViewController.swift; sourceTree = "<group>"; };
		2768635C1EA6635900119AC1 /* Base */ = {isa = PBXFileReference; lastKnownFileType = file.storyboard; name = Base; path = Base.lproj/Main.storyboard; sourceTree = "<group>"; };
		2768635E1EA6635900119AC1 /* Assets.xcassets */ = {isa = PBXFileReference; lastKnownFileType = folder.assetcatalog; path = Assets.xcassets; sourceTree = "<group>"; };
		276863611EA6635900119AC1 /* Base */ = {isa = PBXFileReference; lastKnownFileType = file.storyboard; name = Base; path = Base.lproj/LaunchScreen.storyboard; sourceTree = "<group>"; };
		276863631EA6635900119AC1 /* Info.plist */ = {isa = PBXFileReference; lastKnownFileType = text.plist.xml; path = Info.plist; sourceTree = "<group>"; };
		276863681EA6635900119AC1 /* dailyTests.xctest */ = {isa = PBXFileReference; explicitFileType = wrapper.cfbundle; includeInIndex = 0; path = dailyTests.xctest; sourceTree = BUILT_PRODUCTS_DIR; };
		2768636C1EA6635900119AC1 /* dailyTests.swift */ = {isa = PBXFileReference; lastKnownFileType = sourcecode.swift; path = dailyTests.swift; sourceTree = "<group>"; };
		2768636E1EA6635900119AC1 /* Info.plist */ = {isa = PBXFileReference; lastKnownFileType = text.plist.xml; path = Info.plist; sourceTree = "<group>"; };
		276863731EA6635900119AC1 /* dailyUITests.xctest */ = {isa = PBXFileReference; explicitFileType = wrapper.cfbundle; includeInIndex = 0; path = dailyUITests.xctest; sourceTree = BUILT_PRODUCTS_DIR; };
		276863771EA6635900119AC1 /* dailyUITests.swift */ = {isa = PBXFileReference; lastKnownFileType = sourcecode.swift; path = dailyUITests.swift; sourceTree = "<group>"; };
		276863791EA6635900119AC1 /* Info.plist */ = {isa = PBXFileReference; lastKnownFileType = text.plist.xml; path = Info.plist; sourceTree = "<group>"; };
/* End PBXFileReference section */

/* Begin PBXFrameworksBuildPhase section */
		276863511EA6635900119AC1 /* Frameworks */ = {
			isa = PBXFrameworksBuildPhase;
			buildActionMask = 2147483647;
			files = (
			);
			runOnlyForDeploymentPostprocessing = 0;
		};
		276863651EA6635900119AC1 /* Frameworks */ = {
			isa = PBXFrameworksBuildPhase;
			buildActionMask = 2147483647;
			files = (
			);
			runOnlyForDeploymentPostprocessing = 0;
		};
		276863701EA6635900119AC1 /* Frameworks */ = {
			isa = PBXFrameworksBuildPhase;
			buildActionMask = 2147483647;
			files = (
			);
			runOnlyForDeploymentPostprocessing = 0;
		};
/* End PBXFrameworksBuildPhase section */

/* Begin PBXGroup section */
		2768634B1EA6635900119AC1 = {
			isa = PBXGroup;
			children = (
				276863561EA6635900119AC1 /* daily */,
				2768636B1EA6635900119AC1 /* dailyTests */,
				276863761EA6635900119AC1 /* dailyUITests */,
				276863551EA6635900119AC1 /* Products */,
			);
			sourceTree = "<group>";
		};
		276863551EA6635900119AC1 /* Products */ = {
			isa = PBXGroup;
			children = (
				276863541EA6635900119AC1 /* daily.app */,
				276863681EA6635900119AC1 /* dailyTests.xctest */,
				276863731EA6635900119AC1 /* dailyUITests.xctest */,
			);
			name = Products;
			sourceTree = "<group>";
		};
		276863561EA6635900119AC1 /* daily */ = {
			isa = PBXGroup;
			children = (
				276863571EA6635900119AC1 /* AppDelegate.swift */,
				276863591EA6635900119AC1 /* ViewController.swift */,
				2768635B1EA6635900119AC1 /* Main.storyboard */,
				2768635E1EA6635900119AC1 /* Assets.xcassets */,
				276863601EA6635900119AC1 /* LaunchScreen.storyboard */,
				276863631EA6635900119AC1 /* Info.plist */,
			);
			path = daily;
			sourceTree = "<group>";
		};
		2768636B1EA6635900119AC1 /* dailyTests */ = {
			isa = PBXGroup;
			children = (
				2768636C1EA6635900119AC1 /* dailyTests.swift */,
				2768636E1EA6635900119AC1 /* Info.plist */,
			);
			path = dailyTests;
			sourceTree = "<group>";
		};
		276863761EA6635900119AC1 /* dailyUITests */ = {
			isa = PBXGroup;
			children = (
				276863771EA6635900119AC1 /* dailyUITests.swift */,
				276863791EA6635900119AC1 /* Info.plist */,
			);
			path = dailyUITests;
			sourceTree = "<group>";
		};
/* End PBXGroup section */

/* Begin PBXNativeTarget section */
		276863531EA6635900119AC1 /* daily */ = {
			isa = PBXNativeTarget;
			buildConfigurationList = 2768637C1EA6635900119AC1 /* Build configuration list for PBXNativeTarget "daily" */;
			buildPhases = (
				276863501EA6635900119AC1 /* Sources */,
				276863511EA6635900119AC1 /* Frameworks */,
				276863521EA6635900119AC1 /* Resources */,
			);
			buildRules = (
			);
			dependencies = (
			);
			name = daily;
			productName = daily;
			productReference = 276863541EA6635900119AC1 /* daily.app */;
			productType = "com.apple.product-type.application";
		};
		276863671EA6635900119AC1 /* dailyTests */ = {
			isa = PBXNativeTarget;
			buildConfigurationList = 2768637F1EA6635900119AC1 /* Build configuration list for PBXNativeTarget "dailyTests" */;
			buildPhases = (
				276863641EA6635900119AC1 /* Sources */,
				276863651EA6635900119AC1 /* Frameworks */,
				276863661EA6635900119AC1 /* Resources */,
			);
			buildRules = (
			);
			dependencies = (
				2768636A1EA6635900119AC1 /* PBXTargetDependency */,
			);
			name = dailyTests;
			productName = dailyTests;
			productReference = 276863681EA6635900119AC1 /* dailyTests.xctest */;
			productType = "com.apple.product-type.bundle.unit-test";
		};
		276863721EA6635900119AC1 /* dailyUITests */ = {
			isa = PBXNativeTarget;
			buildConfigurationList = 276863821EA6635900119AC1 /* Build configuration list for PBXNativeTarget "dailyUITests" */;
			buildPhases = (
				2768636F1EA6635900119AC1 /* Sources */,
				276863701EA6635900119AC1 /* Frameworks */,
				276863711EA6635900119AC1 /* Resources */,
			);
			buildRules = (
			);
			dependencies = (
				276863751EA6635900119AC1 /* PBXTargetDependency */,
			);
			name = dailyUITests;
			productName = dailyUITests;
			productReference = 276863731EA6635900119AC1 /* dailyUITests.xctest */;
			productType = "com.apple.product-type.bundle.ui-testing";
		};
/* End PBXNativeTarget section */

/* Begin PBXProject section */
		2768634C1EA6635900119AC1 /* Project object */ = {
			isa = PBXProject;
			attributes = {
				LastSwiftUpdateCheck = 0830;
				LastUpgradeCheck = 0830;
				ORGANIZATIONNAME = htekayadi;
				TargetAttributes = {
					276863531EA6635900119AC1 = {
						CreatedOnToolsVersion = 8.3.1;
						ProvisioningStyle = Automatic;
					};
					276863671EA6635900119AC1 = {
						CreatedOnToolsVersion = 8.3.1;
						ProvisioningStyle = Automatic;
						TestTargetID = 276863531EA6635900119AC1;
					};
					276863721EA6635900119AC1 = {
						CreatedOnToolsVersion = 8.3.1;
						ProvisioningStyle = Automatic;
						TestTargetID = 276863531EA6635900119AC1;
					};
				};
			};
			buildConfigurationList = 2768634F1EA6635900119AC1 /* Build configuration list for PBXProject "daily" */;
			compatibilityVersion = "Xcode 3.2";
			developmentRegion = English;
			hasScannedForEncodings = 0;
			knownRegions = (
				en,
				Base,
			);
			mainGroup = 2768634B1EA6635900119AC1;
			productRefGroup = 276863551EA6635900119AC1 /* Products */;
			projectDirPath = "";
			projectRoot = "";
			targets = (
				276863531EA6635900119AC1 /* daily */,
				276863671EA6635900119AC1 /* dailyTests */,
				276863721EA6635900119AC1 /* dailyUITests */,
			);
		};
/* End PBXProject section */

/* Begin PBXResourcesBuildPhase section */
		276863521EA6635900119AC1 /* Resources */ = {
			isa = PBXResourcesBuildPhase;
			buildActionMask = 2147483647;
			files = (
				276863621EA6635900119AC1 /* LaunchScreen.storyboard in Resources */,
				2768635F1EA6635900119AC1 /* Assets.xcassets in Resources */,
				2768635D1EA6635900119AC1 /* Main.storyboard in Resources */,
			);
			runOnlyForDeploymentPostprocessing = 0;
		};
		276863661EA6635900119AC1 /* Resources */ = {
			isa = PBXResourcesBuildPhase;
			buildActionMask = 2147483647;
			files = (
			);
			runOnlyForDeploymentPostprocessing = 0;
		};
		276863711EA6635900119AC1 /* Resources */ = {
			isa = PBXResourcesBuildPhase;
			buildActionMask = 2147483647;
			files = (
			);
			runOnlyForDeploymentPostprocessing = 0;
		};
/* End PBXResourcesBuildPhase section */

/* Begin PBXSourcesBuildPhase section */
		276863501EA6635900119AC1 /* Sources */ = {
			isa = PBXSourcesBuildPhase;
			buildActionMask = 2147483647;
			files = (
				2768635A1EA6635900119AC1 /* ViewController.swift in Sources */,
				276863581EA6635900119AC1 /* AppDelegate.swift in Sources */,
			);
			runOnlyForDeploymentPostprocessing = 0;
		};
		276863641EA6635900119AC1 /* Sources */ = {
			isa = PBXSourcesBuildPhase;
			buildActionMask = 2147483647;
			files = (
				2768636D1EA6635900119AC1 /* dailyTests.swift in Sources */,
			);
			runOnlyForDeploymentPostprocessing = 0;
		};
		2768636F1EA6635900119AC1 /* Sources */ = {
			isa = PBXSourcesBuildPhase;
			buildActionMask = 2147483647;
			files = (
				276863781EA6635900119AC1 /* dailyUITests.swift in Sources */,
			);
			runOnlyForDeploymentPostprocessing = 0;
		};
/* End PBXSourcesBuildPhase section */

/* Begin PBXTargetDependency section */
		2768636A1EA6635900119AC1 /* PBXTargetDependency */ = {
			isa = PBXTargetDependency;
			target = 276863531EA6635900119AC1 /* daily */;
			targetProxy = 276863691EA6635900119AC1 /* PBXContainerItemProxy */;
		};
		276863751EA6635900119AC1 /* PBXTargetDependency */ = {
			isa = PBXTargetDependency;
			target = 276863531EA6635900119AC1 /* daily */;
			targetProxy = 276863741EA6635900119AC1 /* PBXContainerItemProxy */;
		};
/* End PBXTargetDependency section */

/* Begin PBXVariantGroup section */
		2768635B1EA6635900119AC1 /* Main.storyboard */ = {
			isa = PBXVariantGroup;
			children = (
				2768635C1EA6635900119AC1 /* Base */,
			);
			name = Main.storyboard;
			sourceTree = "<group>";
		};
		276863601EA6635900119AC1 /* LaunchScreen.storyboard */ = {
			isa = PBXVariantGroup;
			children = (
				276863611EA6635900119AC1 /* Base */,
			);
			name = LaunchScreen.storyboard;
			sourceTree = "<group>";
		};
/* End PBXVariantGroup section */

/* Begin XCBuildConfiguration section */
		2768637A1EA6635900119AC1 /* Debug */ = {
			isa = XCBuildConfiguration;
			buildSettings = {
				ALWAYS_SEARCH_USER_PATHS = NO;
				CLANG_ANALYZER_NONNULL = YES;
				CLANG_ANALYZER_NUMBER_OBJECT_CONVERSION = YES_AGGRESSIVE;
				CLANG_CXX_LANGUAGE_STANDARD = "gnu++0x";
				CLANG_CXX_LIBRARY = "libc++";
				CLANG_ENABLE_MODULES = YES;
				CLANG_ENABLE_OBJC_ARC = YES;
				CLANG_WARN_BOOL_CONVERSION = YES;
				CLANG_WARN_CONSTANT_CONVERSION = YES;
				CLANG_WARN_DIRECT_OBJC_ISA_USAGE = YES_ERROR;
				CLANG_WARN_DOCUMENTATION_COMMENTS = YES;
				CLANG_WARN_EMPTY_BODY = YES;
				CLANG_WARN_ENUM_CONVERSION = YES;
				CLANG_WARN_INFINITE_RECURSION = YES;
				CLANG_WARN_INT_CONVERSION = YES;
				CLANG_WARN_OBJC_ROOT_CLASS = YES_ERROR;
				CLANG_WARN_SUSPICIOUS_MOVE = YES;
				CLANG_WARN_UNREACHABLE_CODE = YES;
				CLANG_WARN__DUPLICATE_METHOD_MATCH = YES;
				"CODE_SIGN_IDENTITY[sdk=iphoneos*]" = "iPhone Developer";
				COPY_PHASE_STRIP = NO;
				DEBUG_INFORMATION_FORMAT = dwarf;
				ENABLE_STRICT_OBJC_MSGSEND = YES;
				ENABLE_TESTABILITY = YES;
				GCC_C_LANGUAGE_STANDARD = gnu99;
				GCC_DYNAMIC_NO_PIC = NO;
				GCC_NO_COMMON_BLOCKS = YES;
				GCC_OPTIMIZATION_LEVEL = 0;
				GCC_PREPROCESSOR_DEFINITIONS = (
					"DEBUG=1",
					"$(inherited)",
				);
				GCC_WARN_64_TO_32_BIT_CONVERSION = YES;
				GCC_WARN_ABOUT_RETURN_TYPE = YES_ERROR;
				GCC_WARN_UNDECLARED_SELECTOR = YES;
				GCC_WARN_UNINITIALIZED_AUTOS = YES_AGGRESSIVE;
				GCC_WARN_UNUSED_FUNCTION = YES;
				GCC_WARN_UNUSED_VARIABLE = YES;
				IPHONEOS_DEPLOYMENT_TARGET = 10.3;
				MTL_ENABLE_DEBUG_INFO = YES;
				ONLY_ACTIVE_ARCH = YES;
				SDKROOT = iphoneos;
				SWIFT_ACTIVE_COMPILATION_CONDITIONS = DEBUG;
				SWIFT_OPTIMIZATION_LEVEL = "-Onone";
				TARGETED_DEVICE_FAMILY = "1,2";
			};
			name = Debug;
		};
		2768637B1EA6635900119AC1 /* Release */ = {
			isa = XCBuildConfiguration;
			buildSettings = {
				ALWAYS_SEARCH_USER_PATHS = NO;
				CLANG_ANALYZER_NONNULL = YES;
				CLANG_ANALYZER_NUMBER_OBJECT_CONVERSION = YES_AGGRESSIVE;
				CLANG_CXX_LANGUAGE_STANDARD = "gnu++0x";
				CLANG_CXX_LIBRARY = "libc++";
				CLANG_ENABLE_MODULES = YES;
				CLANG_ENABLE_OBJC_ARC = YES;
				CLANG_WARN_BOOL_CONVERSION = YES;
				CLANG_WARN_CONSTANT_CONVERSION = YES;
				CLANG_WARN_DIRECT_OBJC_ISA_USAGE = YES_ERROR;
				CLANG_WARN_DOCUMENTATION_COMMENTS = YES;
				CLANG_WARN_EMPTY_BODY = YES;
				CLANG_WARN_ENUM_CONVERSION = YES;
				CLANG_WARN_INFINITE_RECURSION = YES;
				CLANG_WARN_INT_CONVERSION = YES;
				CLANG_WARN_OBJC_ROOT_CLASS = YES_ERROR;
				CLANG_WARN_SUSPICIOUS_MOVE = YES;
				CLANG_WARN_UNREACHABLE_CODE = YES;
				CLANG_WARN__DUPLICATE_METHOD_MATCH = YES;
				"CODE_SIGN_IDENTITY[sdk=iphoneos*]" = "iPhone Developer";
				COPY_PHASE_STRIP = NO;
				DEBUG_INFORMATION_FORMAT = "dwarf-with-dsym";
				ENABLE_NS_ASSERTIONS = NO;
				ENABLE_STRICT_OBJC_MSGSEND = YES;
				GCC_C_LANGUAGE_STANDARD = gnu99;
				GCC_NO_COMMON_BLOCKS = YES;
				GCC_WARN_64_TO_32_BIT_CONVERSION = YES;
				GCC_WARN_ABOUT_RETURN_TYPE = YES_ERROR;
				GCC_WARN_UNDECLARED_SELECTOR = YES;
				GCC_WARN_UNINITIALIZED_AUTOS = YES_AGGRESSIVE;
				GCC_WARN_UNUSED_FUNCTION = YES;
				GCC_WARN_UNUSED_VARIABLE = YES;
				IPHONEOS_DEPLOYMENT_TARGET = 10.3;
				MTL_ENABLE_DEBUG_INFO = NO;
				SDKROOT = iphoneos;
				SWIFT_OPTIMIZATION_LEVEL = "-Owholemodule";
				TARGETED_DEVICE_FAMILY = "1,2";
				VALIDATE_PRODUCT = YES;
			};
			name = Release;
		};
		2768637D1EA6635900119AC1 /* Debug */ = {
			isa = XCBuildConfiguration;
			buildSettings = {
				ASSETCATALOG_COMPILER_APPICON_NAME = AppIcon;
				INFOPLIST_FILE = daily/Info.plist;
				LD_RUNPATH_SEARCH_PATHS = "$(inherited) @executable_path/Frameworks";
				PRODUCT_BUNDLE_IDENTIFIER = com.quote.daily;
				PRODUCT_NAME = "$(TARGET_NAME)";
				SWIFT_VERSION = 3.0;
			};
			name = Debug;
		};
		2768637E1EA6635900119AC1 /* Release */ = {
			isa = XCBuildConfiguration;
			buildSettings = {
				ASSETCATALOG_COMPILER_APPICON_NAME = AppIcon;
				INFOPLIST_FILE = daily/Info.plist;
				LD_RUNPATH_SEARCH_PATHS = "$(inherited) @executable_path/Frameworks";
				PRODUCT_BUNDLE_IDENTIFIER = com.quote.daily;
				PRODUCT_NAME = "$(TARGET_NAME)";
				SWIFT_VERSION = 3.0;
			};
			name = Release;
		};
		276863801EA6635900119AC1 /* Debug */ = {
			isa = XCBuildConfiguration;
			buildSettings = {
				ALWAYS_EMBED_SWIFT_STANDARD_LIBRARIES = YES;
				BUNDLE_LOADER = "$(TEST_HOST)";
				INFOPLIST_FILE = dailyTests/Info.plist;
				LD_RUNPATH_SEARCH_PATHS = "$(inherited) @executable_path/Frameworks @loader_path/Frameworks";
				PRODUCT_BUNDLE_IDENTIFIER = com.quote.dailyTests;
				PRODUCT_NAME = "$(TARGET_NAME)";
				SWIFT_VERSION = 3.0;
				TEST_HOST = "$(BUILT_PRODUCTS_DIR)/daily.app/daily";
			};
			name = Debug;
		};
		276863811EA6635900119AC1 /* Release */ = {
			isa = XCBuildConfiguration;
			buildSettings = {
				ALWAYS_EMBED_SWIFT_STANDARD_LIBRARIES = YES;
				BUNDLE_LOADER = "$(TEST_HOST)";
				INFOPLIST_FILE = dailyTests/Info.plist;
				LD_RUNPATH_SEARCH_PATHS = "$(inherited) @executable_path/Frameworks @loader_path/Frameworks";
				PRODUCT_BUNDLE_IDENTIFIER = com.quote.dailyTests;
				PRODUCT_NAME = "$(TARGET_NAME)";
				SWIFT_VERSION = 3.0;
				TEST_HOST = "$(BUILT_PRODUCTS_DIR)/daily.app/daily";
			};
			name = Release;
		};
		276863831EA6635900119AC1 /* Debug */ = {
			isa = XCBuildConfiguration;
			buildSettings = {
				ALWAYS_EMBED_SWIFT_STANDARD_LIBRARIES = YES;
				INFOPLIST_FILE = dailyUITests/Info.plist;
				LD_RUNPATH_SEARCH_PATHS = "$(inherited) @executable_path/Frameworks @loader_path/Frameworks";
				PRODUCT_BUNDLE_IDENTIFIER = com.quote.dailyUITests;
				PRODUCT_NAME = "$(TARGET_NAME)";
				SWIFT_VERSION = 3.0;
				TEST_TARGET_NAME = daily;
			};
			name = Debug;
		};
		276863841EA6635900119AC1 /* Release */ = {
			isa = XCBuildConfiguration;
			buildSettings = {
				ALWAYS_EMBED_SWIFT_STANDARD_LIBRARIES = YES;
				INFOPLIST_FILE = dailyUITests/Info.plist;
				LD_RUNPATH_SEARCH_PATHS = "$(inherited) @executable_path/Frameworks @loader_path/Frameworks";
				PRODUCT_BUNDLE_IDENTIFIER = com.quote.dailyUITests;
				PRODUCT_NAME = "$(TARGET_NAME)";
				SWIFT_VERSION = 3.0;
				TEST_TARGET_NAME = daily;
			};
			name = Release;
		};
/* End XCBuildConfiguration section */

/* Begin XCConfigurationList section */
		2768634F1EA6635900119AC1 /* Build configuration list for PBXProject "daily" */ = {
			isa = XCConfigurationList;
			buildConfigurations = (
				2768637A1EA6635900119AC1 /* Debug */,
				2768637B1EA6635900119AC1 /* Release */,
			);
			defaultConfigurationIsVisible = 0;
			defaultConfigurationName = Release;
		};
		2768637C1EA6635900119AC1 /* Build configuration list for PBXNativeTarget "daily" */ = {
			isa = XCConfigurationList;
			buildConfigurations = (
				2768637D1EA6635900119AC1 /* Debug */,
				2768637E1EA6635900119AC1 /* Release */,
			);
			defaultConfigurationIsVisible = 0;
		};
		2768637F1EA6635900119AC1 /* Build configuration list for PBXNativeTarget "dailyTests" */ = {
			isa = XCConfigurationList;
			buildConfigurations = (
				276863801EA6635900119AC1 /* Debug */,
				276863811EA6635900119AC1 /* Release */,
			);
			defaultConfigurationIsVisible = 0;
		};
		276863821EA6635900119AC1 /* Build configuration list for PBXNativeTarget "dailyUITests" */ = {
			isa = XCConfigurationList;
			buildConfigurations = (
				276863831EA6635900119AC1 /* Debug */,
				276863841EA6635900119AC1 /* Release */,
			);
			defaultConfigurationIsVisible = 0;
		};
/* End XCConfigurationList section */
	};
	rootObject = 2768634C1EA6635900119AC1 /* Project object */;
}
